
Microsoft Visual Studio Solution File, Format Version 12.00
# Visual Studio Version 17
VisualStudioVersion = 17.5.33530.505
MinimumVisualStudioVersion = 10.0.40219.1
Project("{2150E333-8FDC-42A3-9474-1A3956D46DE8}") = "src", "src", "{A3A824C5-5362-40BF-8B59-F8E08CB54D50}"
EndProject
Project("{2150E333-8FDC-42A3-9474-1A3956D46DE8}") = "tests", "tests", "{EE47DA73-325A-4132-8990-2A2535A8DF5A}"
EndProject
Project("{2150E333-8FDC-42A3-9474-1A3956D46DE8}") = "solution items", "solution items", "{F894CBEC-8756-4887-91F7-39F01508F62B}"
	ProjectSection(SolutionItems) = preProject
		.editorconfig = .editorconfig
		.gitignore = .gitignore
		CodeMaid.config = CodeMaid.config
		LICENSE = LICENSE
		README.md = README.md
	EndProjectSection
EndProject
Project("{9A19103F-16F7-4668-BE54-9A1E7A4F7556}") = "AStar.Clean.V1.Files.API", "src\AStar.Clean.V1.Files.API\AStar.Clean.V1.Files.API.csproj", "{0C72854A-FC15-42B5-9FF3-309D94C22DB1}"
EndProject
Project("{9A19103F-16F7-4668-BE54-9A1E7A4F7556}") = "AStar.Clean.V1.BlazorUI", "src\AStar.Clean.V1.BlazorUi\AStar.Clean.V1.BlazorUI.csproj", "{F5E28BD6-18F8-43A8-AD32-DACBE21AC195}"
EndProject
Project("{9A19103F-16F7-4668-BE54-9A1E7A4F7556}") = "AStar.Clean.V1.DomainModel", "src\AStar.Clean.V1.DomainModel\AStar.Clean.V1.DomainModel.csproj", "{606A3E91-D44C-43E8-929A-F35EDF1D79AB}"
EndProject
Project("{9A19103F-16F7-4668-BE54-9A1E7A4F7556}") = "AStar.Clean.V1.Infrastructure", "src\AStar.Clean.V1.Infrastructure\AStar.Clean.V1.Infrastructure.csproj", "{16D50AE7-AFB0-49D3-B67A-EBFCEECF4FDC}"
EndProject
Project("{2150E333-8FDC-42A3-9474-1A3956D46DE8}") = "unit", "unit", "{DBB8E323-DC41-47A0-BC1D-70A7FF0DB964}"
EndProject
Project("{9A19103F-16F7-4668-BE54-9A1E7A4F7556}") = "AStar.Clean.V1.BlazorUI.Unit.Tests", "tests\unit\AStar.Clean.V1.BlazorUI.Unit.Tests\AStar.Clean.V1.BlazorUI.Unit.Tests.csproj", "{6CBB9304-D782-4726-A214-5DD8D897271C}"
EndProject
Project("{9A19103F-16F7-4668-BE54-9A1E7A4F7556}") = "AStar.Clean.V1.DomainModel.Unit.Tests", "tests\unit\AStar.Clean.V1.DomainModel.Unit.Tests\AStar.Clean.V1.DomainModel.Unit.Tests.csproj", "{6E3BD6C3-78FD-400D-B58F-4389267CB37F}"
EndProject
Project("{9A19103F-16F7-4668-BE54-9A1E7A4F7556}") = "AStar.Clean.V1.Infrastructure.Unit.Tests", "tests\unit\AStar.Clean.V1.Infrastructure.Unit.Tests\AStar.Clean.V1.Infrastructure.Unit.Tests.csproj", "{86AB4CDF-8027-4810-BA2A-7EA93A667C13}"
EndProject
Project("{2150E333-8FDC-42A3-9474-1A3956D46DE8}") = "integration", "integration", "{18EA71F2-1F77-4ACF-88C5-467A4F091D5A}"
EndProject
Project("{9A19103F-16F7-4668-BE54-9A1E7A4F7556}") = "AStar.Clean.V1.Files.API.Integration.Tests", "tests\integration\AStar.Clean.V1.Files.API.Integration.Tests\AStar.Clean.V1.Files.API.Integration.Tests.csproj", "{23B76A76-3042-45CD-9068-F2DB70169E24}"
EndProject
Project("{9A19103F-16F7-4668-BE54-9A1E7A4F7556}") = "AStar.Clean.V1.BlazorUI.Integration.Tests", "tests\integration\AStar.Clean.V1.BlazorUI.Integration.Tests\AStar.Clean.V1.BlazorUI.Integration.Tests.csproj", "{ED3F0A06-21EE-40D7-B68B-4A7F86448533}"
EndProject
Project("{9A19103F-16F7-4668-BE54-9A1E7A4F7556}") = "AStar.Clean.V1.Infrastructure.Integration.Tests", "tests\integration\AStar.Clean.V1.Infrastructure.Integration.Tests\AStar.Clean.V1.Infrastructure.Integration.Tests.csproj", "{46D51705-9C81-447A-A692-44117AC11B7C}"
EndProject
Project("{2150E333-8FDC-42A3-9474-1A3956D46DE8}") = "acceptance", "acceptance", "{FDDE96A4-3253-435E-A82E-5AF632A5DCF7}"
EndProject
Project("{9A19103F-16F7-4668-BE54-9A1E7A4F7556}") = "AStar.Clean.V1.Files.API.Acceptance.Tests", "tests\acceptance\AStar.Clean.V1.Files.API.Acceptance.Tests\AStar.Clean.V1.Files.API.Acceptance.Tests.csproj", "{EA133FAD-1FD4-4CCE-9719-3273DB8D9B1A}"
EndProject
Project("{9A19103F-16F7-4668-BE54-9A1E7A4F7556}") = "AStar.Clean.V1.BlazorUI.Acceptance.Tests", "tests\acceptance\AStar.Clean.V1.BlazorUI.Acceptance.Tests\AStar.Clean.V1.BlazorUI.Acceptance.Tests.csproj", "{7354C03C-E36A-413C-BADA-8C772E79F9CC}"
EndProject
Project("{2150E333-8FDC-42A3-9474-1A3956D46DE8}") = "architecture", "architecture", "{2C38E304-9A3C-484B-A9EC-53402C18409C}"
EndProject
Project("{9A19103F-16F7-4668-BE54-9A1E7A4F7556}") = "AStar.Clean.V1.Architecture.Tests", "tests\architecture\AStar.Clean.V1.Architecture.Tests\AStar.Clean.V1.Architecture.Tests.csproj", "{4F6F9774-CC7A-4A1E-9F10-CA9368FDA95C}"
EndProject
Project("{9A19103F-16F7-4668-BE54-9A1E7A4F7556}") = "AStar.Clean.V1.Services.Unit.Tests", "tests\unit\AStar.Clean.V1.Services.Unit.Tests\AStar.Clean.V1.Services.Unit.Tests.csproj", "{5BB96D27-DD1F-4099-BDA0-3F83F55630F1}"
EndProject
Project("{9A19103F-16F7-4668-BE54-9A1E7A4F7556}") = "AStar.Clean.V1.HealthChecks", "src\AStar.Clean.V1.HealthChecks\AStar.Clean.V1.HealthChecks.csproj", "{EE3549AB-F1A0-4975-9F43-6607E705C336}"
EndProject
Project("{9A19103F-16F7-4668-BE54-9A1E7A4F7556}") = "AStar.Clean.V1.HealthChecks.Unit.Tests", "tests\unit\AStar.Clean.V1.HealthChecks.Unit.Tests\AStar.Clean.V1.HealthChecks.Unit.Tests.csproj", "{C5E11584-A8B8-4245-AEBA-1E69E8342D61}"
EndProject
Project("{9A19103F-16F7-4668-BE54-9A1E7A4F7556}") = "AStar.Clean.V1.Images.API", "src\AStar.Clean.V1.Images.API\AStar.Clean.V1.Images.API.csproj", "{4D70054B-6116-41EC-B8A7-68F86E93D8F0}"
EndProject
Project("{9A19103F-16F7-4668-BE54-9A1E7A4F7556}") = "AStar.Clean.V1.Images.API.Acceptance.Tests", "tests\acceptance\AStar.Clean.V1.Images.API.Acceptance.Tests\AStar.Clean.V1.Images.API.Acceptance.Tests.csproj", "{3577169F-49B1-4741-8B6A-F2B9B1F1A323}"
EndProject
Project("{9A19103F-16F7-4668-BE54-9A1E7A4F7556}") = "AStar.Clean.V1.Images.API.Integration.Tests", "tests\integration\AStar.Clean.V1.Images.API.Integration.Tests\AStar.Clean.V1.Images.API.Integration.Tests.csproj", "{A0DDE100-F789-4410-BFB1-ADC776E9DD00}"
EndProject
Project("{9A19103F-16F7-4668-BE54-9A1E7A4F7556}") = "AStar.Clean.V1.Images.API.Unit.Tests", "tests\unit\AStar.Clean.V1.Images.API.Unit.Tests\AStar.Clean.V1.Images.API.Unit.Tests.csproj", "{C0F97D9B-9881-4260-8C81-6CE31C3AF9C6}"
EndProject
Project("{9A19103F-16F7-4668-BE54-9A1E7A4F7556}") = "AStar.Clean.V1.Services", "src\AStar.Clean.V1.Services\AStar.Clean.V1.Services.csproj", "{431FA92E-5F02-4DCC-BA21-3C654B71320A}"
EndProject
Project("{9A19103F-16F7-4668-BE54-9A1E7A4F7556}") = "AStar.Clean.V1.Files.API.Unit.Tests", "tests\unit\AStar.Clean.V1.Files.API.Unit.Tests\AStar.Clean.V1.Files.API.Unit.Tests.csproj", "{766A3A03-725D-4BAE-B182-D54AA6A0FF2B}"
EndProject
Project("{FAE04EC0-301F-11D3-BF4B-00C04F79EFBC}") = "DeleteWhenFilesLoaded", "DeleteWhenFilesLoaded\DeleteWhenFilesLoaded.csproj", "{19B80C66-DF65-430D-87C8-D6563F106A67}"
EndProject
Global
	GlobalSection(SolutionConfigurationPlatforms) = preSolution
		Debug|Any CPU = Debug|Any CPU
		Release|Any CPU = Release|Any CPU
	EndGlobalSection
	GlobalSection(ProjectConfigurationPlatforms) = postSolution
		{0C72854A-FC15-42B5-9FF3-309D94C22DB1}.Debug|Any CPU.ActiveCfg = Debug|Any CPU
		{0C72854A-FC15-42B5-9FF3-309D94C22DB1}.Debug|Any CPU.Build.0 = Debug|Any CPU
		{0C72854A-FC15-42B5-9FF3-309D94C22DB1}.Release|Any CPU.ActiveCfg = Release|Any CPU
		{0C72854A-FC15-42B5-9FF3-309D94C22DB1}.Release|Any CPU.Build.0 = Release|Any CPU
		{F5E28BD6-18F8-43A8-AD32-DACBE21AC195}.Debug|Any CPU.ActiveCfg = Debug|Any CPU
		{F5E28BD6-18F8-43A8-AD32-DACBE21AC195}.Debug|Any CPU.Build.0 = Debug|Any CPU
		{F5E28BD6-18F8-43A8-AD32-DACBE21AC195}.Release|Any CPU.ActiveCfg = Release|Any CPU
		{F5E28BD6-18F8-43A8-AD32-DACBE21AC195}.Release|Any CPU.Build.0 = Release|Any CPU
		{606A3E91-D44C-43E8-929A-F35EDF1D79AB}.Debug|Any CPU.ActiveCfg = Debug|Any CPU
		{606A3E91-D44C-43E8-929A-F35EDF1D79AB}.Debug|Any CPU.Build.0 = Debug|Any CPU
		{606A3E91-D44C-43E8-929A-F35EDF1D79AB}.Release|Any CPU.ActiveCfg = Release|Any CPU
		{606A3E91-D44C-43E8-929A-F35EDF1D79AB}.Release|Any CPU.Build.0 = Release|Any CPU
		{16D50AE7-AFB0-49D3-B67A-EBFCEECF4FDC}.Debug|Any CPU.ActiveCfg = Debug|Any CPU
		{16D50AE7-AFB0-49D3-B67A-EBFCEECF4FDC}.Debug|Any CPU.Build.0 = Debug|Any CPU
		{16D50AE7-AFB0-49D3-B67A-EBFCEECF4FDC}.Release|Any CPU.ActiveCfg = Release|Any CPU
		{16D50AE7-AFB0-49D3-B67A-EBFCEECF4FDC}.Release|Any CPU.Build.0 = Release|Any CPU
		{6CBB9304-D782-4726-A214-5DD8D897271C}.Debug|Any CPU.ActiveCfg = Debug|Any CPU
		{6CBB9304-D782-4726-A214-5DD8D897271C}.Debug|Any CPU.Build.0 = Debug|Any CPU
		{6CBB9304-D782-4726-A214-5DD8D897271C}.Release|Any CPU.ActiveCfg = Release|Any CPU
		{6CBB9304-D782-4726-A214-5DD8D897271C}.Release|Any CPU.Build.0 = Release|Any CPU
		{6E3BD6C3-78FD-400D-B58F-4389267CB37F}.Debug|Any CPU.ActiveCfg = Debug|Any CPU
		{6E3BD6C3-78FD-400D-B58F-4389267CB37F}.Debug|Any CPU.Build.0 = Debug|Any CPU
		{6E3BD6C3-78FD-400D-B58F-4389267CB37F}.Release|Any CPU.ActiveCfg = Release|Any CPU
		{6E3BD6C3-78FD-400D-B58F-4389267CB37F}.Release|Any CPU.Build.0 = Release|Any CPU
		{86AB4CDF-8027-4810-BA2A-7EA93A667C13}.Debug|Any CPU.ActiveCfg = Debug|Any CPU
		{86AB4CDF-8027-4810-BA2A-7EA93A667C13}.Debug|Any CPU.Build.0 = Debug|Any CPU
		{86AB4CDF-8027-4810-BA2A-7EA93A667C13}.Release|Any CPU.ActiveCfg = Release|Any CPU
		{86AB4CDF-8027-4810-BA2A-7EA93A667C13}.Release|Any CPU.Build.0 = Release|Any CPU
		{23B76A76-3042-45CD-9068-F2DB70169E24}.Debug|Any CPU.ActiveCfg = Debug|Any CPU
		{23B76A76-3042-45CD-9068-F2DB70169E24}.Debug|Any CPU.Build.0 = Debug|Any CPU
		{23B76A76-3042-45CD-9068-F2DB70169E24}.Release|Any CPU.ActiveCfg = Release|Any CPU
		{23B76A76-3042-45CD-9068-F2DB70169E24}.Release|Any CPU.Build.0 = Release|Any CPU
		{ED3F0A06-21EE-40D7-B68B-4A7F86448533}.Debug|Any CPU.ActiveCfg = Debug|Any CPU
		{ED3F0A06-21EE-40D7-B68B-4A7F86448533}.Debug|Any CPU.Build.0 = Debug|Any CPU
		{ED3F0A06-21EE-40D7-B68B-4A7F86448533}.Release|Any CPU.ActiveCfg = Release|Any CPU
		{ED3F0A06-21EE-40D7-B68B-4A7F86448533}.Release|Any CPU.Build.0 = Release|Any CPU
		{46D51705-9C81-447A-A692-44117AC11B7C}.Debug|Any CPU.ActiveCfg = Debug|Any CPU
		{46D51705-9C81-447A-A692-44117AC11B7C}.Debug|Any CPU.Build.0 = Debug|Any CPU
		{46D51705-9C81-447A-A692-44117AC11B7C}.Release|Any CPU.ActiveCfg = Release|Any CPU
		{46D51705-9C81-447A-A692-44117AC11B7C}.Release|Any CPU.Build.0 = Release|Any CPU
		{EA133FAD-1FD4-4CCE-9719-3273DB8D9B1A}.Debug|Any CPU.ActiveCfg = Debug|Any CPU
		{EA133FAD-1FD4-4CCE-9719-3273DB8D9B1A}.Debug|Any CPU.Build.0 = Debug|Any CPU
		{EA133FAD-1FD4-4CCE-9719-3273DB8D9B1A}.Release|Any CPU.ActiveCfg = Release|Any CPU
		{EA133FAD-1FD4-4CCE-9719-3273DB8D9B1A}.Release|Any CPU.Build.0 = Release|Any CPU
		{7354C03C-E36A-413C-BADA-8C772E79F9CC}.Debug|Any CPU.ActiveCfg = Debug|Any CPU
		{7354C03C-E36A-413C-BADA-8C772E79F9CC}.Debug|Any CPU.Build.0 = Debug|Any CPU
		{7354C03C-E36A-413C-BADA-8C772E79F9CC}.Release|Any CPU.ActiveCfg = Release|Any CPU
		{7354C03C-E36A-413C-BADA-8C772E79F9CC}.Release|Any CPU.Build.0 = Release|Any CPU
		{4F6F9774-CC7A-4A1E-9F10-CA9368FDA95C}.Debug|Any CPU.ActiveCfg = Debug|Any CPU
		{4F6F9774-CC7A-4A1E-9F10-CA9368FDA95C}.Debug|Any CPU.Build.0 = Debug|Any CPU
		{4F6F9774-CC7A-4A1E-9F10-CA9368FDA95C}.Release|Any CPU.ActiveCfg = Release|Any CPU
		{4F6F9774-CC7A-4A1E-9F10-CA9368FDA95C}.Release|Any CPU.Build.0 = Release|Any CPU
		{5BB96D27-DD1F-4099-BDA0-3F83F55630F1}.Debug|Any CPU.ActiveCfg = Debug|Any CPU
		{5BB96D27-DD1F-4099-BDA0-3F83F55630F1}.Debug|Any CPU.Build.0 = Debug|Any CPU
		{5BB96D27-DD1F-4099-BDA0-3F83F55630F1}.Release|Any CPU.ActiveCfg = Release|Any CPU
		{5BB96D27-DD1F-4099-BDA0-3F83F55630F1}.Release|Any CPU.Build.0 = Release|Any CPU
		{EE3549AB-F1A0-4975-9F43-6607E705C336}.Debug|Any CPU.ActiveCfg = Debug|Any CPU
		{EE3549AB-F1A0-4975-9F43-6607E705C336}.Debug|Any CPU.Build.0 = Debug|Any CPU
		{EE3549AB-F1A0-4975-9F43-6607E705C336}.Release|Any CPU.ActiveCfg = Release|Any CPU
		{EE3549AB-F1A0-4975-9F43-6607E705C336}.Release|Any CPU.Build.0 = Release|Any CPU
		{C5E11584-A8B8-4245-AEBA-1E69E8342D61}.Debug|Any CPU.ActiveCfg = Debug|Any CPU
		{C5E11584-A8B8-4245-AEBA-1E69E8342D61}.Debug|Any CPU.Build.0 = Debug|Any CPU
		{C5E11584-A8B8-4245-AEBA-1E69E8342D61}.Release|Any CPU.ActiveCfg = Release|Any CPU
		{C5E11584-A8B8-4245-AEBA-1E69E8342D61}.Release|Any CPU.Build.0 = Release|Any CPU
		{4D70054B-6116-41EC-B8A7-68F86E93D8F0}.Debug|Any CPU.ActiveCfg = Debug|Any CPU
		{4D70054B-6116-41EC-B8A7-68F86E93D8F0}.Debug|Any CPU.Build.0 = Debug|Any CPU
		{4D70054B-6116-41EC-B8A7-68F86E93D8F0}.Release|Any CPU.ActiveCfg = Release|Any CPU
		{4D70054B-6116-41EC-B8A7-68F86E93D8F0}.Release|Any CPU.Build.0 = Release|Any CPU
		{3577169F-49B1-4741-8B6A-F2B9B1F1A323}.Debug|Any CPU.ActiveCfg = Debug|Any CPU
		{3577169F-49B1-4741-8B6A-F2B9B1F1A323}.Debug|Any CPU.Build.0 = Debug|Any CPU
		{3577169F-49B1-4741-8B6A-F2B9B1F1A323}.Release|Any CPU.ActiveCfg = Release|Any CPU
		{3577169F-49B1-4741-8B6A-F2B9B1F1A323}.Release|Any CPU.Build.0 = Release|Any CPU
		{A0DDE100-F789-4410-BFB1-ADC776E9DD00}.Debug|Any CPU.ActiveCfg = Debug|Any CPU
		{A0DDE100-F789-4410-BFB1-ADC776E9DD00}.Debug|Any CPU.Build.0 = Debug|Any CPU
		{A0DDE100-F789-4410-BFB1-ADC776E9DD00}.Release|Any CPU.ActiveCfg = Release|Any CPU
		{A0DDE100-F789-4410-BFB1-ADC776E9DD00}.Release|Any CPU.Build.0 = Release|Any CPU
		{C0F97D9B-9881-4260-8C81-6CE31C3AF9C6}.Debug|Any CPU.ActiveCfg = Debug|Any CPU
		{C0F97D9B-9881-4260-8C81-6CE31C3AF9C6}.Debug|Any CPU.Build.0 = Debug|Any CPU
		{C0F97D9B-9881-4260-8C81-6CE31C3AF9C6}.Release|Any CPU.ActiveCfg = Release|Any CPU
		{C0F97D9B-9881-4260-8C81-6CE31C3AF9C6}.Release|Any CPU.Build.0 = Release|Any CPU
		{431FA92E-5F02-4DCC-BA21-3C654B71320A}.Debug|Any CPU.ActiveCfg = Debug|Any CPU
		{431FA92E-5F02-4DCC-BA21-3C654B71320A}.Debug|Any CPU.Build.0 = Debug|Any CPU
		{431FA92E-5F02-4DCC-BA21-3C654B71320A}.Release|Any CPU.ActiveCfg = Release|Any CPU
		{431FA92E-5F02-4DCC-BA21-3C654B71320A}.Release|Any CPU.Build.0 = Release|Any CPU
		{766A3A03-725D-4BAE-B182-D54AA6A0FF2B}.Debug|Any CPU.ActiveCfg = Debug|Any CPU
		{766A3A03-725D-4BAE-B182-D54AA6A0FF2B}.Debug|Any CPU.Build.0 = Debug|Any CPU
		{766A3A03-725D-4BAE-B182-D54AA6A0FF2B}.Release|Any CPU.ActiveCfg = Release|Any CPU
		{766A3A03-725D-4BAE-B182-D54AA6A0FF2B}.Release|Any CPU.Build.0 = Release|Any CPU
		{19B80C66-DF65-430D-87C8-D6563F106A67}.Debug|Any CPU.ActiveCfg = Debug|Any CPU
		{19B80C66-DF65-430D-87C8-D6563F106A67}.Debug|Any CPU.Build.0 = Debug|Any CPU
		{19B80C66-DF65-430D-87C8-D6563F106A67}.Release|Any CPU.ActiveCfg = Release|Any CPU
		{19B80C66-DF65-430D-87C8-D6563F106A67}.Release|Any CPU.Build.0 = Release|Any CPU
	EndGlobalSection
	GlobalSection(SolutionProperties) = preSolution
		HideSolutionNode = FALSE
	EndGlobalSection
	GlobalSection(NestedProjects) = preSolution
		{0C72854A-FC15-42B5-9FF3-309D94C22DB1} = {A3A824C5-5362-40BF-8B59-F8E08CB54D50}
		{F5E28BD6-18F8-43A8-AD32-DACBE21AC195} = {A3A824C5-5362-40BF-8B59-F8E08CB54D50}
		{606A3E91-D44C-43E8-929A-F35EDF1D79AB} = {A3A824C5-5362-40BF-8B59-F8E08CB54D50}
		{16D50AE7-AFB0-49D3-B67A-EBFCEECF4FDC} = {A3A824C5-5362-40BF-8B59-F8E08CB54D50}
		{DBB8E323-DC41-47A0-BC1D-70A7FF0DB964} = {EE47DA73-325A-4132-8990-2A2535A8DF5A}
		{6CBB9304-D782-4726-A214-5DD8D897271C} = {DBB8E323-DC41-47A0-BC1D-70A7FF0DB964}
		{6E3BD6C3-78FD-400D-B58F-4389267CB37F} = {DBB8E323-DC41-47A0-BC1D-70A7FF0DB964}
		{86AB4CDF-8027-4810-BA2A-7EA93A667C13} = {DBB8E323-DC41-47A0-BC1D-70A7FF0DB964}
		{18EA71F2-1F77-4ACF-88C5-467A4F091D5A} = {EE47DA73-325A-4132-8990-2A2535A8DF5A}
		{23B76A76-3042-45CD-9068-F2DB70169E24} = {18EA71F2-1F77-4ACF-88C5-467A4F091D5A}
		{ED3F0A06-21EE-40D7-B68B-4A7F86448533} = {18EA71F2-1F77-4ACF-88C5-467A4F091D5A}
		{46D51705-9C81-447A-A692-44117AC11B7C} = {18EA71F2-1F77-4ACF-88C5-467A4F091D5A}
		{FDDE96A4-3253-435E-A82E-5AF632A5DCF7} = {EE47DA73-325A-4132-8990-2A2535A8DF5A}
		{EA133FAD-1FD4-4CCE-9719-3273DB8D9B1A} = {FDDE96A4-3253-435E-A82E-5AF632A5DCF7}
		{7354C03C-E36A-413C-BADA-8C772E79F9CC} = {FDDE96A4-3253-435E-A82E-5AF632A5DCF7}
		{2C38E304-9A3C-484B-A9EC-53402C18409C} = {EE47DA73-325A-4132-8990-2A2535A8DF5A}
		{4F6F9774-CC7A-4A1E-9F10-CA9368FDA95C} = {2C38E304-9A3C-484B-A9EC-53402C18409C}
		{5BB96D27-DD1F-4099-BDA0-3F83F55630F1} = {DBB8E323-DC41-47A0-BC1D-70A7FF0DB964}
		{EE3549AB-F1A0-4975-9F43-6607E705C336} = {A3A824C5-5362-40BF-8B59-F8E08CB54D50}
		{C5E11584-A8B8-4245-AEBA-1E69E8342D61} = {DBB8E323-DC41-47A0-BC1D-70A7FF0DB964}
		{4D70054B-6116-41EC-B8A7-68F86E93D8F0} = {A3A824C5-5362-40BF-8B59-F8E08CB54D50}
		{3577169F-49B1-4741-8B6A-F2B9B1F1A323} = {FDDE96A4-3253-435E-A82E-5AF632A5DCF7}
		{A0DDE100-F789-4410-BFB1-ADC776E9DD00} = {18EA71F2-1F77-4ACF-88C5-467A4F091D5A}
		{C0F97D9B-9881-4260-8C81-6CE31C3AF9C6} = {DBB8E323-DC41-47A0-BC1D-70A7FF0DB964}
		{431FA92E-5F02-4DCC-BA21-3C654B71320A} = {A3A824C5-5362-40BF-8B59-F8E08CB54D50}
		{766A3A03-725D-4BAE-B182-D54AA6A0FF2B} = {DBB8E323-DC41-47A0-BC1D-70A7FF0DB964}
		{19B80C66-DF65-430D-87C8-D6563F106A67} = {A3A824C5-5362-40BF-8B59-F8E08CB54D50}
	EndGlobalSection
	GlobalSection(ExtensibilityGlobals) = postSolution
		SolutionGuid = {0A4E9B7A-7302-4CE4-A187-FC4AEEF15AF3}
	EndGlobalSection
EndGlobal
