
Microsoft Visual Studio Solution File, Format Version 12.00
# Visual Studio Version 17
VisualStudioVersion = 17.5.33530.505
MinimumVisualStudioVersion = 10.0.40219.1
Project("{2150E333-8FDC-42A3-9474-1A3956D46DE8}") = "src", "src", "{A3A824C5-5362-40BF-8B59-F8E08CB54D50}"
EndProject
Project("{2150E333-8FDC-42A3-9474-1A3956D46DE8}") = "tests", "tests", "{EE47DA73-325A-4132-8990-2A2535A8DF5A}"
EndProject
Project("{2150E333-8FDC-42A3-9474-1A3956D46DE8}") = "solution items", "solution items", "{F894CBEC-8756-4887-91F7-39F01508F62B}"
	ProjectSection(SolutionItems) = preProject
		.editorconfig = .editorconfig
		.gitignore = .gitignore
		CodeMaid.config = CodeMaid.config
		LICENSE = LICENSE
		README.md = README.md
	EndProjectSection
EndProject
Project("{2150E333-8FDC-42A3-9474-1A3956D46DE8}") = "unit", "unit", "{DBB8E323-DC41-47A0-BC1D-70A7FF0DB964}"
EndProject
Project("{9A19103F-16F7-4668-BE54-9A1E7A4F7556}") = "AStar.Clean.V1.DomainModel.Unit.Tests", "tests\unit\AStar.Clean.V1.DomainModel.Unit.Tests\AStar.Clean.V1.DomainModel.Unit.Tests.csproj", "{6E3BD6C3-78FD-400D-B58F-4389267CB37F}"
EndProject
Project("{2150E333-8FDC-42A3-9474-1A3956D46DE8}") = "integration", "integration", "{18EA71F2-1F77-4ACF-88C5-467A4F091D5A}"
EndProject
Project("{9A19103F-16F7-4668-BE54-9A1E7A4F7556}") = "AStar.Clean.V1.BlazorUI.Integration.Tests", "tests\integration\AStar.Clean.V1.BlazorUI.Integration.Tests\AStar.Clean.V1.BlazorUI.Integration.Tests.csproj", "{ED3F0A06-21EE-40D7-B68B-4A7F86448533}"
EndProject
Project("{2150E333-8FDC-42A3-9474-1A3956D46DE8}") = "acceptance", "acceptance", "{FDDE96A4-3253-435E-A82E-5AF632A5DCF7}"
EndProject
Project("{9A19103F-16F7-4668-BE54-9A1E7A4F7556}") = "AStar.Clean.V1.BlazorUI.Acceptance.Tests", "tests\acceptance\AStar.Clean.V1.BlazorUI.Acceptance.Tests\AStar.Clean.V1.BlazorUI.Acceptance.Tests.csproj", "{7354C03C-E36A-413C-BADA-8C772E79F9CC}"
EndProject
Project("{2150E333-8FDC-42A3-9474-1A3956D46DE8}") = "architecture", "architecture", "{2C38E304-9A3C-484B-A9EC-53402C18409C}"
EndProject
Project("{9A19103F-16F7-4668-BE54-9A1E7A4F7556}") = "AStar.Clean.V1.Services.Unit.Tests", "tests\unit\AStar.Clean.V1.Services.Unit.Tests\AStar.Clean.V1.Services.Unit.Tests.csproj", "{5BB96D27-DD1F-4099-BDA0-3F83F55630F1}"
EndProject
Project("{9A19103F-16F7-4668-BE54-9A1E7A4F7556}") = "AStar.Clean.V1.Images.API.Acceptance.Tests", "tests\acceptance\AStar.Clean.V1.Images.API.Acceptance.Tests\AStar.Clean.V1.Images.API.Acceptance.Tests.csproj", "{3577169F-49B1-4741-8B6A-F2B9B1F1A323}"
EndProject
Project("{9A19103F-16F7-4668-BE54-9A1E7A4F7556}") = "AStar.Clean.V1.Images.API.Integration.Tests", "tests\integration\AStar.Clean.V1.Images.API.Integration.Tests\AStar.Clean.V1.Images.API.Integration.Tests.csproj", "{A0DDE100-F789-4410-BFB1-ADC776E9DD00}"
EndProject
Project("{9A19103F-16F7-4668-BE54-9A1E7A4F7556}") = "AStar.ImagesAPI.Unit.Tests", "tests\unit\AStar.Clean.V1.Images.API.Unit.Tests\AStar.ImagesAPI.Unit.Tests.csproj", "{C0F97D9B-9881-4260-8C81-6CE31C3AF9C6}"
EndProject
Project("{2150E333-8FDC-42A3-9474-1A3956D46DE8}") = "ui", "ui", "{1C50DA4B-0643-49B2-A800-3C8F72DCEE04}"
EndProject
Project("{2150E333-8FDC-42A3-9474-1A3956D46DE8}") = "apis", "apis", "{12846FC1-BE7C-414C-9187-A37DE1EA2107}"
EndProject
Project("{2150E333-8FDC-42A3-9474-1A3956D46DE8}") = "core", "core", "{C6AF87BC-D8B2-4C40-AC09-1254AE8A6C36}"
EndProject
Project("{9A19103F-16F7-4668-BE54-9A1E7A4F7556}") = "AStar.FilesApi", "src\apis\AStar.FilesApi\AStar.FilesApi.csproj", "{2ED965DC-A92A-43E0-83AA-9858325131DF}"
EndProject
Project("{9A19103F-16F7-4668-BE54-9A1E7A4F7556}") = "AStar.ImagesAPI", "src\apis\AStar.ImagesAPI\AStar.ImagesAPI.csproj", "{7617A4E3-3547-4E20-BE61-36C7252C106F}"
EndProject
Project("{9A19103F-16F7-4668-BE54-9A1E7A4F7556}") = "AStar.ASPNet.Extensions", "src\core\AStar.ASPNet.Extensions\AStar.ASPNet.Extensions.csproj", "{5AEA24F4-1451-428A-89A8-B74EF9C6AF9F}"
EndProject
Project("{9A19103F-16F7-4668-BE54-9A1E7A4F7556}") = "AStar.Infrastructure", "src\core\AStar.Infrastructure\AStar.Infrastructure.csproj", "{F5A64074-69F3-4771-ACD0-13C86725CD27}"
EndProject
Project("{9A19103F-16F7-4668-BE54-9A1E7A4F7556}") = "AStar.Web.Domain", "src\core\AStar.Web.Domain\AStar.Web.Domain.csproj", "{4FCE474B-4B59-413A-BF7D-82A0B5BEAE85}"
EndProject
Project("{9A19103F-16F7-4668-BE54-9A1E7A4F7556}") = "AStar.Clean.V1.BlazorUI", "src\ui\AStar.Clean.V1.BlazorUi\AStar.Clean.V1.BlazorUI.csproj", "{C6FD3A58-5A20-4CEB-BB09-815985C02E0F}"
EndProject
Project("{9A19103F-16F7-4668-BE54-9A1E7A4F7556}") = "AStar.Api.HealthChecks", "src\core\AStar.Api.HealthChecks\AStar.Api.HealthChecks.csproj", "{69DC5A86-B284-493A-909F-FCE3CD8E037E}"
EndProject
Project("{9A19103F-16F7-4668-BE54-9A1E7A4F7556}") = "AStar.Logging.Extensions", "src\core\AStar.Logging.Extensions\AStar.Logging.Extensions.csproj", "{F484A1E1-E493-400C-8C3D-9B852CBCA7D1}"
EndProject
Project("{9A19103F-16F7-4668-BE54-9A1E7A4F7556}") = "AStar.Utilities", "src\core\AStar.Utilities\AStar.Utilities.csproj", "{29AC5AA3-2C5F-4D22-81DB-1E19D0883DDD}"
EndProject
Project("{9A19103F-16F7-4668-BE54-9A1E7A4F7556}") = "AStar.GuardClauses", "src\core\AStar.GuardClauses\AStar.GuardClauses.csproj", "{BB261264-9BEE-4039-886B-5F14CE040EEF}"
EndProject
Project("{9A19103F-16F7-4668-BE54-9A1E7A4F7556}") = "AStar.Web.UI.Unit.Tests", "Tests\unit\AStar.Web.UI.Unit.Tests\AStar.Web.UI.Unit.Tests.csproj", "{4816FF8B-3603-4C06-8814-ACC02A0DBB6D}"
EndProject
Project("{9A19103F-16F7-4668-BE54-9A1E7A4F7556}") = "AStar.Web.UI", "src\ui\AStar.Web.UI\AStar.Web.UI.csproj", "{6140EFDB-F48E-49DE-ADBA-6A68B0F2F57F}"
EndProject
Project("{2150E333-8FDC-42A3-9474-1A3956D46DE8}") = "APIs", "APIs", "{D5FA4F07-086A-458C-9C39-E5A7A79F1A95}"
EndProject
Project("{FAE04EC0-301F-11D3-BF4B-00C04F79EFBC}") = "AStar.FilesAPI.Unit.Tests", "Tests\unit\apis\AStar.FilesAPI.Unit.Tests\AStar.FilesAPI.Unit.Tests.csproj", "{12C0321A-22AD-46D2-A8BC-DEEE29C59EDF}"
EndProject
Global
	GlobalSection(SolutionConfigurationPlatforms) = preSolution
		Debug|Any CPU = Debug|Any CPU
		Release|Any CPU = Release|Any CPU
	EndGlobalSection
	GlobalSection(ProjectConfigurationPlatforms) = postSolution
		{6E3BD6C3-78FD-400D-B58F-4389267CB37F}.Debug|Any CPU.ActiveCfg = Debug|Any CPU
		{6E3BD6C3-78FD-400D-B58F-4389267CB37F}.Debug|Any CPU.Build.0 = Debug|Any CPU
		{6E3BD6C3-78FD-400D-B58F-4389267CB37F}.Release|Any CPU.ActiveCfg = Release|Any CPU
		{6E3BD6C3-78FD-400D-B58F-4389267CB37F}.Release|Any CPU.Build.0 = Release|Any CPU
		{ED3F0A06-21EE-40D7-B68B-4A7F86448533}.Debug|Any CPU.ActiveCfg = Debug|Any CPU
		{ED3F0A06-21EE-40D7-B68B-4A7F86448533}.Debug|Any CPU.Build.0 = Debug|Any CPU
		{ED3F0A06-21EE-40D7-B68B-4A7F86448533}.Release|Any CPU.ActiveCfg = Release|Any CPU
		{ED3F0A06-21EE-40D7-B68B-4A7F86448533}.Release|Any CPU.Build.0 = Release|Any CPU
		{7354C03C-E36A-413C-BADA-8C772E79F9CC}.Debug|Any CPU.ActiveCfg = Debug|Any CPU
		{7354C03C-E36A-413C-BADA-8C772E79F9CC}.Debug|Any CPU.Build.0 = Debug|Any CPU
		{7354C03C-E36A-413C-BADA-8C772E79F9CC}.Release|Any CPU.ActiveCfg = Release|Any CPU
		{7354C03C-E36A-413C-BADA-8C772E79F9CC}.Release|Any CPU.Build.0 = Release|Any CPU
		{5BB96D27-DD1F-4099-BDA0-3F83F55630F1}.Debug|Any CPU.ActiveCfg = Debug|Any CPU
		{5BB96D27-DD1F-4099-BDA0-3F83F55630F1}.Debug|Any CPU.Build.0 = Debug|Any CPU
		{5BB96D27-DD1F-4099-BDA0-3F83F55630F1}.Release|Any CPU.ActiveCfg = Release|Any CPU
		{5BB96D27-DD1F-4099-BDA0-3F83F55630F1}.Release|Any CPU.Build.0 = Release|Any CPU
		{3577169F-49B1-4741-8B6A-F2B9B1F1A323}.Debug|Any CPU.ActiveCfg = Debug|Any CPU
		{3577169F-49B1-4741-8B6A-F2B9B1F1A323}.Debug|Any CPU.Build.0 = Debug|Any CPU
		{3577169F-49B1-4741-8B6A-F2B9B1F1A323}.Release|Any CPU.ActiveCfg = Release|Any CPU
		{3577169F-49B1-4741-8B6A-F2B9B1F1A323}.Release|Any CPU.Build.0 = Release|Any CPU
		{A0DDE100-F789-4410-BFB1-ADC776E9DD00}.Debug|Any CPU.ActiveCfg = Debug|Any CPU
		{A0DDE100-F789-4410-BFB1-ADC776E9DD00}.Debug|Any CPU.Build.0 = Debug|Any CPU
		{A0DDE100-F789-4410-BFB1-ADC776E9DD00}.Release|Any CPU.ActiveCfg = Release|Any CPU
		{A0DDE100-F789-4410-BFB1-ADC776E9DD00}.Release|Any CPU.Build.0 = Release|Any CPU
		{C0F97D9B-9881-4260-8C81-6CE31C3AF9C6}.Debug|Any CPU.ActiveCfg = Debug|Any CPU
		{C0F97D9B-9881-4260-8C81-6CE31C3AF9C6}.Debug|Any CPU.Build.0 = Debug|Any CPU
		{C0F97D9B-9881-4260-8C81-6CE31C3AF9C6}.Release|Any CPU.ActiveCfg = Release|Any CPU
		{C0F97D9B-9881-4260-8C81-6CE31C3AF9C6}.Release|Any CPU.Build.0 = Release|Any CPU
		{2ED965DC-A92A-43E0-83AA-9858325131DF}.Debug|Any CPU.ActiveCfg = Debug|Any CPU
		{2ED965DC-A92A-43E0-83AA-9858325131DF}.Debug|Any CPU.Build.0 = Debug|Any CPU
		{2ED965DC-A92A-43E0-83AA-9858325131DF}.Release|Any CPU.ActiveCfg = Release|Any CPU
		{2ED965DC-A92A-43E0-83AA-9858325131DF}.Release|Any CPU.Build.0 = Release|Any CPU
		{7617A4E3-3547-4E20-BE61-36C7252C106F}.Debug|Any CPU.ActiveCfg = Debug|Any CPU
		{7617A4E3-3547-4E20-BE61-36C7252C106F}.Debug|Any CPU.Build.0 = Debug|Any CPU
		{7617A4E3-3547-4E20-BE61-36C7252C106F}.Release|Any CPU.ActiveCfg = Release|Any CPU
		{7617A4E3-3547-4E20-BE61-36C7252C106F}.Release|Any CPU.Build.0 = Release|Any CPU
		{5AEA24F4-1451-428A-89A8-B74EF9C6AF9F}.Debug|Any CPU.ActiveCfg = Debug|Any CPU
		{5AEA24F4-1451-428A-89A8-B74EF9C6AF9F}.Debug|Any CPU.Build.0 = Debug|Any CPU
		{5AEA24F4-1451-428A-89A8-B74EF9C6AF9F}.Release|Any CPU.ActiveCfg = Release|Any CPU
		{5AEA24F4-1451-428A-89A8-B74EF9C6AF9F}.Release|Any CPU.Build.0 = Release|Any CPU
		{F5A64074-69F3-4771-ACD0-13C86725CD27}.Debug|Any CPU.ActiveCfg = Debug|Any CPU
		{F5A64074-69F3-4771-ACD0-13C86725CD27}.Debug|Any CPU.Build.0 = Debug|Any CPU
		{F5A64074-69F3-4771-ACD0-13C86725CD27}.Release|Any CPU.ActiveCfg = Release|Any CPU
		{F5A64074-69F3-4771-ACD0-13C86725CD27}.Release|Any CPU.Build.0 = Release|Any CPU
		{4FCE474B-4B59-413A-BF7D-82A0B5BEAE85}.Debug|Any CPU.ActiveCfg = Debug|Any CPU
		{4FCE474B-4B59-413A-BF7D-82A0B5BEAE85}.Debug|Any CPU.Build.0 = Debug|Any CPU
		{4FCE474B-4B59-413A-BF7D-82A0B5BEAE85}.Release|Any CPU.ActiveCfg = Release|Any CPU
		{4FCE474B-4B59-413A-BF7D-82A0B5BEAE85}.Release|Any CPU.Build.0 = Release|Any CPU
		{C6FD3A58-5A20-4CEB-BB09-815985C02E0F}.Debug|Any CPU.ActiveCfg = Debug|Any CPU
		{C6FD3A58-5A20-4CEB-BB09-815985C02E0F}.Debug|Any CPU.Build.0 = Debug|Any CPU
		{C6FD3A58-5A20-4CEB-BB09-815985C02E0F}.Release|Any CPU.ActiveCfg = Release|Any CPU
		{C6FD3A58-5A20-4CEB-BB09-815985C02E0F}.Release|Any CPU.Build.0 = Release|Any CPU
		{69DC5A86-B284-493A-909F-FCE3CD8E037E}.Debug|Any CPU.ActiveCfg = Debug|Any CPU
		{69DC5A86-B284-493A-909F-FCE3CD8E037E}.Debug|Any CPU.Build.0 = Debug|Any CPU
		{69DC5A86-B284-493A-909F-FCE3CD8E037E}.Release|Any CPU.ActiveCfg = Release|Any CPU
		{69DC5A86-B284-493A-909F-FCE3CD8E037E}.Release|Any CPU.Build.0 = Release|Any CPU
		{F484A1E1-E493-400C-8C3D-9B852CBCA7D1}.Debug|Any CPU.ActiveCfg = Debug|Any CPU
		{F484A1E1-E493-400C-8C3D-9B852CBCA7D1}.Debug|Any CPU.Build.0 = Debug|Any CPU
		{F484A1E1-E493-400C-8C3D-9B852CBCA7D1}.Release|Any CPU.ActiveCfg = Release|Any CPU
		{F484A1E1-E493-400C-8C3D-9B852CBCA7D1}.Release|Any CPU.Build.0 = Release|Any CPU
		{29AC5AA3-2C5F-4D22-81DB-1E19D0883DDD}.Debug|Any CPU.ActiveCfg = Debug|Any CPU
		{29AC5AA3-2C5F-4D22-81DB-1E19D0883DDD}.Debug|Any CPU.Build.0 = Debug|Any CPU
		{29AC5AA3-2C5F-4D22-81DB-1E19D0883DDD}.Release|Any CPU.ActiveCfg = Release|Any CPU
		{29AC5AA3-2C5F-4D22-81DB-1E19D0883DDD}.Release|Any CPU.Build.0 = Release|Any CPU
		{BB261264-9BEE-4039-886B-5F14CE040EEF}.Debug|Any CPU.ActiveCfg = Debug|Any CPU
		{BB261264-9BEE-4039-886B-5F14CE040EEF}.Debug|Any CPU.Build.0 = Debug|Any CPU
		{BB261264-9BEE-4039-886B-5F14CE040EEF}.Release|Any CPU.ActiveCfg = Release|Any CPU
		{BB261264-9BEE-4039-886B-5F14CE040EEF}.Release|Any CPU.Build.0 = Release|Any CPU
		{4816FF8B-3603-4C06-8814-ACC02A0DBB6D}.Debug|Any CPU.ActiveCfg = Debug|Any CPU
		{4816FF8B-3603-4C06-8814-ACC02A0DBB6D}.Debug|Any CPU.Build.0 = Debug|Any CPU
		{4816FF8B-3603-4C06-8814-ACC02A0DBB6D}.Release|Any CPU.ActiveCfg = Release|Any CPU
		{4816FF8B-3603-4C06-8814-ACC02A0DBB6D}.Release|Any CPU.Build.0 = Release|Any CPU
		{6140EFDB-F48E-49DE-ADBA-6A68B0F2F57F}.Debug|Any CPU.ActiveCfg = Debug|Any CPU
		{6140EFDB-F48E-49DE-ADBA-6A68B0F2F57F}.Debug|Any CPU.Build.0 = Debug|Any CPU
		{6140EFDB-F48E-49DE-ADBA-6A68B0F2F57F}.Release|Any CPU.ActiveCfg = Release|Any CPU
		{6140EFDB-F48E-49DE-ADBA-6A68B0F2F57F}.Release|Any CPU.Build.0 = Release|Any CPU
		{12C0321A-22AD-46D2-A8BC-DEEE29C59EDF}.Debug|Any CPU.ActiveCfg = Debug|Any CPU
		{12C0321A-22AD-46D2-A8BC-DEEE29C59EDF}.Debug|Any CPU.Build.0 = Debug|Any CPU
		{12C0321A-22AD-46D2-A8BC-DEEE29C59EDF}.Release|Any CPU.ActiveCfg = Release|Any CPU
		{12C0321A-22AD-46D2-A8BC-DEEE29C59EDF}.Release|Any CPU.Build.0 = Release|Any CPU
	EndGlobalSection
	GlobalSection(SolutionProperties) = preSolution
		HideSolutionNode = FALSE
	EndGlobalSection
	GlobalSection(NestedProjects) = preSolution
		{DBB8E323-DC41-47A0-BC1D-70A7FF0DB964} = {EE47DA73-325A-4132-8990-2A2535A8DF5A}
		{6E3BD6C3-78FD-400D-B58F-4389267CB37F} = {DBB8E323-DC41-47A0-BC1D-70A7FF0DB964}
		{18EA71F2-1F77-4ACF-88C5-467A4F091D5A} = {EE47DA73-325A-4132-8990-2A2535A8DF5A}
		{ED3F0A06-21EE-40D7-B68B-4A7F86448533} = {18EA71F2-1F77-4ACF-88C5-467A4F091D5A}
		{FDDE96A4-3253-435E-A82E-5AF632A5DCF7} = {EE47DA73-325A-4132-8990-2A2535A8DF5A}
		{7354C03C-E36A-413C-BADA-8C772E79F9CC} = {FDDE96A4-3253-435E-A82E-5AF632A5DCF7}
		{2C38E304-9A3C-484B-A9EC-53402C18409C} = {EE47DA73-325A-4132-8990-2A2535A8DF5A}
		{5BB96D27-DD1F-4099-BDA0-3F83F55630F1} = {DBB8E323-DC41-47A0-BC1D-70A7FF0DB964}
		{3577169F-49B1-4741-8B6A-F2B9B1F1A323} = {FDDE96A4-3253-435E-A82E-5AF632A5DCF7}
		{A0DDE100-F789-4410-BFB1-ADC776E9DD00} = {18EA71F2-1F77-4ACF-88C5-467A4F091D5A}
		{C0F97D9B-9881-4260-8C81-6CE31C3AF9C6} = {D5FA4F07-086A-458C-9C39-E5A7A79F1A95}
		{1C50DA4B-0643-49B2-A800-3C8F72DCEE04} = {A3A824C5-5362-40BF-8B59-F8E08CB54D50}
		{12846FC1-BE7C-414C-9187-A37DE1EA2107} = {A3A824C5-5362-40BF-8B59-F8E08CB54D50}
		{C6AF87BC-D8B2-4C40-AC09-1254AE8A6C36} = {A3A824C5-5362-40BF-8B59-F8E08CB54D50}
		{2ED965DC-A92A-43E0-83AA-9858325131DF} = {12846FC1-BE7C-414C-9187-A37DE1EA2107}
		{7617A4E3-3547-4E20-BE61-36C7252C106F} = {12846FC1-BE7C-414C-9187-A37DE1EA2107}
		{5AEA24F4-1451-428A-89A8-B74EF9C6AF9F} = {C6AF87BC-D8B2-4C40-AC09-1254AE8A6C36}
		{F5A64074-69F3-4771-ACD0-13C86725CD27} = {C6AF87BC-D8B2-4C40-AC09-1254AE8A6C36}
		{4FCE474B-4B59-413A-BF7D-82A0B5BEAE85} = {C6AF87BC-D8B2-4C40-AC09-1254AE8A6C36}
		{C6FD3A58-5A20-4CEB-BB09-815985C02E0F} = {1C50DA4B-0643-49B2-A800-3C8F72DCEE04}
		{69DC5A86-B284-493A-909F-FCE3CD8E037E} = {C6AF87BC-D8B2-4C40-AC09-1254AE8A6C36}
		{F484A1E1-E493-400C-8C3D-9B852CBCA7D1} = {C6AF87BC-D8B2-4C40-AC09-1254AE8A6C36}
		{29AC5AA3-2C5F-4D22-81DB-1E19D0883DDD} = {C6AF87BC-D8B2-4C40-AC09-1254AE8A6C36}
		{BB261264-9BEE-4039-886B-5F14CE040EEF} = {C6AF87BC-D8B2-4C40-AC09-1254AE8A6C36}
		{4816FF8B-3603-4C06-8814-ACC02A0DBB6D} = {DBB8E323-DC41-47A0-BC1D-70A7FF0DB964}
		{6140EFDB-F48E-49DE-ADBA-6A68B0F2F57F} = {1C50DA4B-0643-49B2-A800-3C8F72DCEE04}
		{D5FA4F07-086A-458C-9C39-E5A7A79F1A95} = {DBB8E323-DC41-47A0-BC1D-70A7FF0DB964}
		{12C0321A-22AD-46D2-A8BC-DEEE29C59EDF} = {D5FA4F07-086A-458C-9C39-E5A7A79F1A95}
	EndGlobalSection
	GlobalSection(ExtensibilityGlobals) = postSolution
		SolutionGuid = {0A4E9B7A-7302-4CE4-A187-FC4AEEF15AF3}
	EndGlobalSection
EndGlobal
