
Microsoft Visual Studio Solution File, Format Version 12.00
# Visual Studio Version 17
VisualStudioVersion = 17.5.33530.505
MinimumVisualStudioVersion = 10.0.40219.1
Project("{2150E333-8FDC-42A3-9474-1A3956D46DE8}") = "src", "src", "{A3A824C5-5362-40BF-8B59-F8E08CB54D50}"
EndProject
Project("{2150E333-8FDC-42A3-9474-1A3956D46DE8}") = "tests", "tests", "{EE47DA73-325A-4132-8990-2A2535A8DF5A}"
EndProject
Project("{2150E333-8FDC-42A3-9474-1A3956D46DE8}") = "solution items", "solution items", "{F894CBEC-8756-4887-91F7-39F01508F62B}"
	ProjectSection(SolutionItems) = preProject
		.editorconfig = .editorconfig
		.gitignore = .gitignore
		CodeMaid.config = CodeMaid.config
		LICENSE = LICENSE
		README.md = README.md
	EndProjectSection
EndProject
Project("{9A19103F-16F7-4668-BE54-9A1E7A4F7556}") = "AStar.Clean.V1.BlazorUI", "src\AStar.Clean.V1.BlazorUi\AStar.Clean.V1.BlazorUI.csproj", "{F5E28BD6-18F8-43A8-AD32-DACBE21AC195}"
EndProject
Project("{9A19103F-16F7-4668-BE54-9A1E7A4F7556}") = "AStar.Clean.V1.DomainModel", "src\AStar.Clean.V1.DomainModel\AStar.Clean.V1.DomainModel.csproj", "{606A3E91-D44C-43E8-929A-F35EDF1D79AB}"
EndProject
Project("{2150E333-8FDC-42A3-9474-1A3956D46DE8}") = "unit", "unit", "{DBB8E323-DC41-47A0-BC1D-70A7FF0DB964}"
EndProject
Project("{9A19103F-16F7-4668-BE54-9A1E7A4F7556}") = "AStar.Clean.V1.BlazorUI.Unit.Tests", "tests\unit\AStar.Clean.V1.BlazorUI.Unit.Tests\AStar.Clean.V1.BlazorUI.Unit.Tests.csproj", "{6CBB9304-D782-4726-A214-5DD8D897271C}"
EndProject
Project("{9A19103F-16F7-4668-BE54-9A1E7A4F7556}") = "AStar.Clean.V1.DomainModel.Unit.Tests", "tests\unit\AStar.Clean.V1.DomainModel.Unit.Tests\AStar.Clean.V1.DomainModel.Unit.Tests.csproj", "{6E3BD6C3-78FD-400D-B58F-4389267CB37F}"
EndProject
Project("{2150E333-8FDC-42A3-9474-1A3956D46DE8}") = "integration", "integration", "{18EA71F2-1F77-4ACF-88C5-467A4F091D5A}"
EndProject
Project("{9A19103F-16F7-4668-BE54-9A1E7A4F7556}") = "AStar.Clean.V1.BlazorUI.Integration.Tests", "tests\integration\AStar.Clean.V1.BlazorUI.Integration.Tests\AStar.Clean.V1.BlazorUI.Integration.Tests.csproj", "{ED3F0A06-21EE-40D7-B68B-4A7F86448533}"
EndProject
Project("{2150E333-8FDC-42A3-9474-1A3956D46DE8}") = "acceptance", "acceptance", "{FDDE96A4-3253-435E-A82E-5AF632A5DCF7}"
EndProject
Project("{9A19103F-16F7-4668-BE54-9A1E7A4F7556}") = "AStar.Clean.V1.BlazorUI.Acceptance.Tests", "tests\acceptance\AStar.Clean.V1.BlazorUI.Acceptance.Tests\AStar.Clean.V1.BlazorUI.Acceptance.Tests.csproj", "{7354C03C-E36A-413C-BADA-8C772E79F9CC}"
EndProject
Project("{2150E333-8FDC-42A3-9474-1A3956D46DE8}") = "architecture", "architecture", "{2C38E304-9A3C-484B-A9EC-53402C18409C}"
EndProject
Project("{9A19103F-16F7-4668-BE54-9A1E7A4F7556}") = "AStar.Clean.V1.Services.Unit.Tests", "tests\unit\AStar.Clean.V1.Services.Unit.Tests\AStar.Clean.V1.Services.Unit.Tests.csproj", "{5BB96D27-DD1F-4099-BDA0-3F83F55630F1}"
EndProject
Project("{9A19103F-16F7-4668-BE54-9A1E7A4F7556}") = "AStar.Clean.V1.HealthChecks.Unit.Tests", "tests\unit\AStar.Clean.V1.HealthChecks.Unit.Tests\AStar.Clean.V1.HealthChecks.Unit.Tests.csproj", "{C5E11584-A8B8-4245-AEBA-1E69E8342D61}"
EndProject
Project("{9A19103F-16F7-4668-BE54-9A1E7A4F7556}") = "AStar.Clean.V1.Images.API", "src\AStar.Clean.V1.Images.API\AStar.Clean.V1.Images.API.csproj", "{4D70054B-6116-41EC-B8A7-68F86E93D8F0}"
EndProject
Project("{9A19103F-16F7-4668-BE54-9A1E7A4F7556}") = "AStar.Clean.V1.Images.API.Acceptance.Tests", "tests\acceptance\AStar.Clean.V1.Images.API.Acceptance.Tests\AStar.Clean.V1.Images.API.Acceptance.Tests.csproj", "{3577169F-49B1-4741-8B6A-F2B9B1F1A323}"
EndProject
Project("{9A19103F-16F7-4668-BE54-9A1E7A4F7556}") = "AStar.Clean.V1.Images.API.Integration.Tests", "tests\integration\AStar.Clean.V1.Images.API.Integration.Tests\AStar.Clean.V1.Images.API.Integration.Tests.csproj", "{A0DDE100-F789-4410-BFB1-ADC776E9DD00}"
EndProject
Project("{9A19103F-16F7-4668-BE54-9A1E7A4F7556}") = "AStar.Clean.V1.Images.API.Unit.Tests", "tests\unit\AStar.Clean.V1.Images.API.Unit.Tests\AStar.Clean.V1.Images.API.Unit.Tests.csproj", "{C0F97D9B-9881-4260-8C81-6CE31C3AF9C6}"
EndProject
Project("{9A19103F-16F7-4668-BE54-9A1E7A4F7556}") = "AStar.Clean.V1.Services", "src\AStar.Clean.V1.Services\AStar.Clean.V1.Services.csproj", "{431FA92E-5F02-4DCC-BA21-3C654B71320A}"
EndProject
Project("{2150E333-8FDC-42A3-9474-1A3956D46DE8}") = "UI", "UI", "{1C50DA4B-0643-49B2-A800-3C8F72DCEE04}"
EndProject
Project("{2150E333-8FDC-42A3-9474-1A3956D46DE8}") = "APIs", "APIs", "{12846FC1-BE7C-414C-9187-A37DE1EA2107}"
EndProject
Project("{2150E333-8FDC-42A3-9474-1A3956D46DE8}") = "Core", "Core", "{C6AF87BC-D8B2-4C40-AC09-1254AE8A6C36}"
EndProject
Project("{9A19103F-16F7-4668-BE54-9A1E7A4F7556}") = "AStar.ASPNet.Extensions", "src\AStar.ASPNet.Extensions\AStar.ASPNet.Extensions.csproj", "{73845D9A-A82F-4301-8F95-7F21F3405592}"
EndProject
Project("{9A19103F-16F7-4668-BE54-9A1E7A4F7556}") = "AStar.Infrastructure", "src\AStar.Infrastructure\AStar.Infrastructure.csproj", "{1F33D5A7-282D-45FC-8EB0-06E76A64687E}"
EndProject
Project("{9A19103F-16F7-4668-BE54-9A1E7A4F7556}") = "AStar.FilesApi", "src\apis\AStar.FilesApi\AStar.FilesApi.csproj", "{2ED965DC-A92A-43E0-83AA-9858325131DF}"
EndProject
Global
	GlobalSection(SolutionConfigurationPlatforms) = preSolution
		Debug|Any CPU = Debug|Any CPU
		Release|Any CPU = Release|Any CPU
	EndGlobalSection
	GlobalSection(ProjectConfigurationPlatforms) = postSolution
		{F5E28BD6-18F8-43A8-AD32-DACBE21AC195}.Debug|Any CPU.ActiveCfg = Debug|Any CPU
		{F5E28BD6-18F8-43A8-AD32-DACBE21AC195}.Debug|Any CPU.Build.0 = Debug|Any CPU
		{F5E28BD6-18F8-43A8-AD32-DACBE21AC195}.Release|Any CPU.ActiveCfg = Release|Any CPU
		{F5E28BD6-18F8-43A8-AD32-DACBE21AC195}.Release|Any CPU.Build.0 = Release|Any CPU
		{606A3E91-D44C-43E8-929A-F35EDF1D79AB}.Debug|Any CPU.ActiveCfg = Debug|Any CPU
		{606A3E91-D44C-43E8-929A-F35EDF1D79AB}.Debug|Any CPU.Build.0 = Debug|Any CPU
		{606A3E91-D44C-43E8-929A-F35EDF1D79AB}.Release|Any CPU.ActiveCfg = Release|Any CPU
		{606A3E91-D44C-43E8-929A-F35EDF1D79AB}.Release|Any CPU.Build.0 = Release|Any CPU
		{6CBB9304-D782-4726-A214-5DD8D897271C}.Debug|Any CPU.ActiveCfg = Debug|Any CPU
		{6CBB9304-D782-4726-A214-5DD8D897271C}.Debug|Any CPU.Build.0 = Debug|Any CPU
		{6CBB9304-D782-4726-A214-5DD8D897271C}.Release|Any CPU.ActiveCfg = Release|Any CPU
		{6CBB9304-D782-4726-A214-5DD8D897271C}.Release|Any CPU.Build.0 = Release|Any CPU
		{6E3BD6C3-78FD-400D-B58F-4389267CB37F}.Debug|Any CPU.ActiveCfg = Debug|Any CPU
		{6E3BD6C3-78FD-400D-B58F-4389267CB37F}.Debug|Any CPU.Build.0 = Debug|Any CPU
		{6E3BD6C3-78FD-400D-B58F-4389267CB37F}.Release|Any CPU.ActiveCfg = Release|Any CPU
		{6E3BD6C3-78FD-400D-B58F-4389267CB37F}.Release|Any CPU.Build.0 = Release|Any CPU
		{ED3F0A06-21EE-40D7-B68B-4A7F86448533}.Debug|Any CPU.ActiveCfg = Debug|Any CPU
		{ED3F0A06-21EE-40D7-B68B-4A7F86448533}.Debug|Any CPU.Build.0 = Debug|Any CPU
		{ED3F0A06-21EE-40D7-B68B-4A7F86448533}.Release|Any CPU.ActiveCfg = Release|Any CPU
		{ED3F0A06-21EE-40D7-B68B-4A7F86448533}.Release|Any CPU.Build.0 = Release|Any CPU
		{7354C03C-E36A-413C-BADA-8C772E79F9CC}.Debug|Any CPU.ActiveCfg = Debug|Any CPU
		{7354C03C-E36A-413C-BADA-8C772E79F9CC}.Debug|Any CPU.Build.0 = Debug|Any CPU
		{7354C03C-E36A-413C-BADA-8C772E79F9CC}.Release|Any CPU.ActiveCfg = Release|Any CPU
		{7354C03C-E36A-413C-BADA-8C772E79F9CC}.Release|Any CPU.Build.0 = Release|Any CPU
		{5BB96D27-DD1F-4099-BDA0-3F83F55630F1}.Debug|Any CPU.ActiveCfg = Debug|Any CPU
		{5BB96D27-DD1F-4099-BDA0-3F83F55630F1}.Debug|Any CPU.Build.0 = Debug|Any CPU
		{5BB96D27-DD1F-4099-BDA0-3F83F55630F1}.Release|Any CPU.ActiveCfg = Release|Any CPU
		{5BB96D27-DD1F-4099-BDA0-3F83F55630F1}.Release|Any CPU.Build.0 = Release|Any CPU
		{C5E11584-A8B8-4245-AEBA-1E69E8342D61}.Debug|Any CPU.ActiveCfg = Debug|Any CPU
		{C5E11584-A8B8-4245-AEBA-1E69E8342D61}.Debug|Any CPU.Build.0 = Debug|Any CPU
		{C5E11584-A8B8-4245-AEBA-1E69E8342D61}.Release|Any CPU.ActiveCfg = Release|Any CPU
		{C5E11584-A8B8-4245-AEBA-1E69E8342D61}.Release|Any CPU.Build.0 = Release|Any CPU
		{4D70054B-6116-41EC-B8A7-68F86E93D8F0}.Debug|Any CPU.ActiveCfg = Debug|Any CPU
		{4D70054B-6116-41EC-B8A7-68F86E93D8F0}.Debug|Any CPU.Build.0 = Debug|Any CPU
		{4D70054B-6116-41EC-B8A7-68F86E93D8F0}.Release|Any CPU.ActiveCfg = Release|Any CPU
		{4D70054B-6116-41EC-B8A7-68F86E93D8F0}.Release|Any CPU.Build.0 = Release|Any CPU
		{3577169F-49B1-4741-8B6A-F2B9B1F1A323}.Debug|Any CPU.ActiveCfg = Debug|Any CPU
		{3577169F-49B1-4741-8B6A-F2B9B1F1A323}.Debug|Any CPU.Build.0 = Debug|Any CPU
		{3577169F-49B1-4741-8B6A-F2B9B1F1A323}.Release|Any CPU.ActiveCfg = Release|Any CPU
		{3577169F-49B1-4741-8B6A-F2B9B1F1A323}.Release|Any CPU.Build.0 = Release|Any CPU
		{A0DDE100-F789-4410-BFB1-ADC776E9DD00}.Debug|Any CPU.ActiveCfg = Debug|Any CPU
		{A0DDE100-F789-4410-BFB1-ADC776E9DD00}.Debug|Any CPU.Build.0 = Debug|Any CPU
		{A0DDE100-F789-4410-BFB1-ADC776E9DD00}.Release|Any CPU.ActiveCfg = Release|Any CPU
		{A0DDE100-F789-4410-BFB1-ADC776E9DD00}.Release|Any CPU.Build.0 = Release|Any CPU
		{C0F97D9B-9881-4260-8C81-6CE31C3AF9C6}.Debug|Any CPU.ActiveCfg = Debug|Any CPU
		{C0F97D9B-9881-4260-8C81-6CE31C3AF9C6}.Debug|Any CPU.Build.0 = Debug|Any CPU
		{C0F97D9B-9881-4260-8C81-6CE31C3AF9C6}.Release|Any CPU.ActiveCfg = Release|Any CPU
		{C0F97D9B-9881-4260-8C81-6CE31C3AF9C6}.Release|Any CPU.Build.0 = Release|Any CPU
		{431FA92E-5F02-4DCC-BA21-3C654B71320A}.Debug|Any CPU.ActiveCfg = Debug|Any CPU
		{431FA92E-5F02-4DCC-BA21-3C654B71320A}.Debug|Any CPU.Build.0 = Debug|Any CPU
		{431FA92E-5F02-4DCC-BA21-3C654B71320A}.Release|Any CPU.ActiveCfg = Release|Any CPU
		{431FA92E-5F02-4DCC-BA21-3C654B71320A}.Release|Any CPU.Build.0 = Release|Any CPU
		{73845D9A-A82F-4301-8F95-7F21F3405592}.Debug|Any CPU.ActiveCfg = Debug|Any CPU
		{73845D9A-A82F-4301-8F95-7F21F3405592}.Debug|Any CPU.Build.0 = Debug|Any CPU
		{73845D9A-A82F-4301-8F95-7F21F3405592}.Release|Any CPU.ActiveCfg = Release|Any CPU
		{73845D9A-A82F-4301-8F95-7F21F3405592}.Release|Any CPU.Build.0 = Release|Any CPU
		{1F33D5A7-282D-45FC-8EB0-06E76A64687E}.Debug|Any CPU.ActiveCfg = Debug|Any CPU
		{1F33D5A7-282D-45FC-8EB0-06E76A64687E}.Debug|Any CPU.Build.0 = Debug|Any CPU
		{1F33D5A7-282D-45FC-8EB0-06E76A64687E}.Release|Any CPU.ActiveCfg = Release|Any CPU
		{1F33D5A7-282D-45FC-8EB0-06E76A64687E}.Release|Any CPU.Build.0 = Release|Any CPU
		{2ED965DC-A92A-43E0-83AA-9858325131DF}.Debug|Any CPU.ActiveCfg = Debug|Any CPU
		{2ED965DC-A92A-43E0-83AA-9858325131DF}.Debug|Any CPU.Build.0 = Debug|Any CPU
		{2ED965DC-A92A-43E0-83AA-9858325131DF}.Release|Any CPU.ActiveCfg = Release|Any CPU
		{2ED965DC-A92A-43E0-83AA-9858325131DF}.Release|Any CPU.Build.0 = Release|Any CPU
	EndGlobalSection
	GlobalSection(SolutionProperties) = preSolution
		HideSolutionNode = FALSE
	EndGlobalSection
	GlobalSection(NestedProjects) = preSolution
		{F5E28BD6-18F8-43A8-AD32-DACBE21AC195} = {1C50DA4B-0643-49B2-A800-3C8F72DCEE04}
		{606A3E91-D44C-43E8-929A-F35EDF1D79AB} = {C6AF87BC-D8B2-4C40-AC09-1254AE8A6C36}
		{DBB8E323-DC41-47A0-BC1D-70A7FF0DB964} = {EE47DA73-325A-4132-8990-2A2535A8DF5A}
		{6CBB9304-D782-4726-A214-5DD8D897271C} = {DBB8E323-DC41-47A0-BC1D-70A7FF0DB964}
		{6E3BD6C3-78FD-400D-B58F-4389267CB37F} = {DBB8E323-DC41-47A0-BC1D-70A7FF0DB964}
		{18EA71F2-1F77-4ACF-88C5-467A4F091D5A} = {EE47DA73-325A-4132-8990-2A2535A8DF5A}
		{ED3F0A06-21EE-40D7-B68B-4A7F86448533} = {18EA71F2-1F77-4ACF-88C5-467A4F091D5A}
		{FDDE96A4-3253-435E-A82E-5AF632A5DCF7} = {EE47DA73-325A-4132-8990-2A2535A8DF5A}
		{7354C03C-E36A-413C-BADA-8C772E79F9CC} = {FDDE96A4-3253-435E-A82E-5AF632A5DCF7}
		{2C38E304-9A3C-484B-A9EC-53402C18409C} = {EE47DA73-325A-4132-8990-2A2535A8DF5A}
		{5BB96D27-DD1F-4099-BDA0-3F83F55630F1} = {DBB8E323-DC41-47A0-BC1D-70A7FF0DB964}
		{C5E11584-A8B8-4245-AEBA-1E69E8342D61} = {DBB8E323-DC41-47A0-BC1D-70A7FF0DB964}
		{4D70054B-6116-41EC-B8A7-68F86E93D8F0} = {12846FC1-BE7C-414C-9187-A37DE1EA2107}
		{3577169F-49B1-4741-8B6A-F2B9B1F1A323} = {FDDE96A4-3253-435E-A82E-5AF632A5DCF7}
		{A0DDE100-F789-4410-BFB1-ADC776E9DD00} = {18EA71F2-1F77-4ACF-88C5-467A4F091D5A}
		{C0F97D9B-9881-4260-8C81-6CE31C3AF9C6} = {DBB8E323-DC41-47A0-BC1D-70A7FF0DB964}
		{431FA92E-5F02-4DCC-BA21-3C654B71320A} = {A3A824C5-5362-40BF-8B59-F8E08CB54D50}
		{1C50DA4B-0643-49B2-A800-3C8F72DCEE04} = {A3A824C5-5362-40BF-8B59-F8E08CB54D50}
		{12846FC1-BE7C-414C-9187-A37DE1EA2107} = {A3A824C5-5362-40BF-8B59-F8E08CB54D50}
		{C6AF87BC-D8B2-4C40-AC09-1254AE8A6C36} = {A3A824C5-5362-40BF-8B59-F8E08CB54D50}
		{73845D9A-A82F-4301-8F95-7F21F3405592} = {C6AF87BC-D8B2-4C40-AC09-1254AE8A6C36}
		{1F33D5A7-282D-45FC-8EB0-06E76A64687E} = {C6AF87BC-D8B2-4C40-AC09-1254AE8A6C36}
		{2ED965DC-A92A-43E0-83AA-9858325131DF} = {12846FC1-BE7C-414C-9187-A37DE1EA2107}
	EndGlobalSection
	GlobalSection(ExtensibilityGlobals) = postSolution
		SolutionGuid = {0A4E9B7A-7302-4CE4-A187-FC4AEEF15AF3}
	EndGlobalSection
EndGlobal
